// !$*UTF8*$!
{
	archiveVersion = 1;
	classes = {
	};
	objectVersion = 50;
	objects = {

/* Begin PBXBuildFile section */
		395B226EB84AECBB9574145E /* Pods_CatChat.framework in Frameworks */ = {isa = PBXBuildFile; fileRef = ABD6CEFCBAF9C7DC70D468CA /* Pods_CatChat.framework */; };
		EA62E6902142D41A00CA98E4 /* SnapsViewController.swift in Sources */ = {isa = PBXBuildFile; fileRef = EA62E68F2142D41A00CA98E4 /* SnapsViewController.swift */; };
		EA62E6922142D90A00CA98E4 /* SelectPictureViewController.swift in Sources */ = {isa = PBXBuildFile; fileRef = EA62E6912142D90A00CA98E4 /* SelectPictureViewController.swift */; };
		EA63012F2142578800AAC6CE /* AppDelegate.swift in Sources */ = {isa = PBXBuildFile; fileRef = EA63012E2142578800AAC6CE /* AppDelegate.swift */; };
		EA6301312142578800AAC6CE /* LoginViewController.swift in Sources */ = {isa = PBXBuildFile; fileRef = EA6301302142578800AAC6CE /* LoginViewController.swift */; };
		EA6301342142578800AAC6CE /* Main.storyboard in Resources */ = {isa = PBXBuildFile; fileRef = EA6301322142578800AAC6CE /* Main.storyboard */; };
		EA6301362142578A00AAC6CE /* Assets.xcassets in Resources */ = {isa = PBXBuildFile; fileRef = EA6301352142578A00AAC6CE /* Assets.xcassets */; };
		EA6301392142578A00AAC6CE /* LaunchScreen.storyboard in Resources */ = {isa = PBXBuildFile; fileRef = EA6301372142578A00AAC6CE /* LaunchScreen.storyboard */; };
		EA6301412142581F00AAC6CE /* GoogleService-Info.plist in Resources */ = {isa = PBXBuildFile; fileRef = EA6301402142581F00AAC6CE /* GoogleService-Info.plist */; };
/* End PBXBuildFile section */

/* Begin PBXFileReference section */
		290B609FFD46F2D32DDE1745 /* Pods-CatChat.release.xcconfig */ = {isa = PBXFileReference; includeInIndex = 1; lastKnownFileType = text.xcconfig; name = "Pods-CatChat.release.xcconfig"; path = "Pods/Target Support Files/Pods-CatChat/Pods-CatChat.release.xcconfig"; sourceTree = "<group>"; };
		53E9F893DE7B4AF5DB01E469 /* Pods-CatChat.debug.xcconfig */ = {isa = PBXFileReference; includeInIndex = 1; lastKnownFileType = text.xcconfig; name = "Pods-CatChat.debug.xcconfig"; path = "Pods/Target Support Files/Pods-CatChat/Pods-CatChat.debug.xcconfig"; sourceTree = "<group>"; };
		ABD6CEFCBAF9C7DC70D468CA /* Pods_CatChat.framework */ = {isa = PBXFileReference; explicitFileType = wrapper.framework; includeInIndex = 0; path = Pods_CatChat.framework; sourceTree = BUILT_PRODUCTS_DIR; };
		EA62E68F2142D41A00CA98E4 /* SnapsViewController.swift */ = {isa = PBXFileReference; lastKnownFileType = sourcecode.swift; path = SnapsViewController.swift; sourceTree = "<group>"; };
		EA62E6912142D90A00CA98E4 /* SelectPictureViewController.swift */ = {isa = PBXFileReference; lastKnownFileType = sourcecode.swift; path = SelectPictureViewController.swift; sourceTree = "<group>"; };
		EA63012B2142578800AAC6CE /* CatChat.app */ = {isa = PBXFileReference; explicitFileType = wrapper.application; includeInIndex = 0; path = CatChat.app; sourceTree = BUILT_PRODUCTS_DIR; };
		EA63012E2142578800AAC6CE /* AppDelegate.swift */ = {isa = PBXFileReference; lastKnownFileType = sourcecode.swift; path = AppDelegate.swift; sourceTree = "<group>"; };
		EA6301302142578800AAC6CE /* LoginViewController.swift */ = {isa = PBXFileReference; lastKnownFileType = sourcecode.swift; path = LoginViewController.swift; sourceTree = "<group>"; };
		EA6301332142578800AAC6CE /* Base */ = {isa = PBXFileReference; lastKnownFileType = file.storyboard; name = Base; path = Base.lproj/Main.storyboard; sourceTree = "<group>"; };
		EA6301352142578A00AAC6CE /* Assets.xcassets */ = {isa = PBXFileReference; lastKnownFileType = folder.assetcatalog; path = Assets.xcassets; sourceTree = "<group>"; };
		EA6301382142578A00AAC6CE /* Base */ = {isa = PBXFileReference; lastKnownFileType = file.storyboard; name = Base; path = Base.lproj/LaunchScreen.storyboard; sourceTree = "<group>"; };
		EA63013A2142578A00AAC6CE /* Info.plist */ = {isa = PBXFileReference; lastKnownFileType = text.plist.xml; path = Info.plist; sourceTree = "<group>"; };
		EA6301402142581F00AAC6CE /* GoogleService-Info.plist */ = {isa = PBXFileReference; fileEncoding = 4; lastKnownFileType = text.plist.xml; path = "GoogleService-Info.plist"; sourceTree = "<group>"; };
/* End PBXFileReference section */

/* Begin PBXFrameworksBuildPhase section */
		EA6301282142578800AAC6CE /* Frameworks */ = {
			isa = PBXFrameworksBuildPhase;
			buildActionMask = 2147483647;
			files = (
				395B226EB84AECBB9574145E /* Pods_CatChat.framework in Frameworks */,
			);
			runOnlyForDeploymentPostprocessing = 0;
		};
/* End PBXFrameworksBuildPhase section */

/* Begin PBXGroup section */
		D54DA982EB4294B4D05CEDAA /* Pods */ = {
			isa = PBXGroup;
			children = (
				53E9F893DE7B4AF5DB01E469 /* Pods-CatChat.debug.xcconfig */,
				290B609FFD46F2D32DDE1745 /* Pods-CatChat.release.xcconfig */,
			);
			name = Pods;
			sourceTree = "<group>";
		};
		EA6301222142578800AAC6CE = {
			isa = PBXGroup;
			children = (
				EA63012D2142578800AAC6CE /* CatChat */,
				EA63012C2142578800AAC6CE /* Products */,
				D54DA982EB4294B4D05CEDAA /* Pods */,
				F1B420719E0CC0CD272C84F3 /* Frameworks */,
			);
			sourceTree = "<group>";
		};
		EA63012C2142578800AAC6CE /* Products */ = {
			isa = PBXGroup;
			children = (
				EA63012B2142578800AAC6CE /* CatChat.app */,
			);
			name = Products;
			sourceTree = "<group>";
		};
		EA63012D2142578800AAC6CE /* CatChat */ = {
			isa = PBXGroup;
			children = (
				EA6301402142581F00AAC6CE /* GoogleService-Info.plist */,
				EA63012E2142578800AAC6CE /* AppDelegate.swift */,
				EA6301302142578800AAC6CE /* LoginViewController.swift */,
				EA62E68F2142D41A00CA98E4 /* SnapsViewController.swift */,
				EA62E6912142D90A00CA98E4 /* SelectPictureViewController.swift */,
				EA6301322142578800AAC6CE /* Main.storyboard */,
				EA6301352142578A00AAC6CE /* Assets.xcassets */,
				EA6301372142578A00AAC6CE /* LaunchScreen.storyboard */,
				EA63013A2142578A00AAC6CE /* Info.plist */,
			);
			path = CatChat;
			sourceTree = "<group>";
		};
		F1B420719E0CC0CD272C84F3 /* Frameworks */ = {
			isa = PBXGroup;
			children = (
				ABD6CEFCBAF9C7DC70D468CA /* Pods_CatChat.framework */,
			);
			name = Frameworks;
			sourceTree = "<group>";
		};
/* End PBXGroup section */

/* Begin PBXNativeTarget section */
		EA63012A2142578800AAC6CE /* CatChat */ = {
			isa = PBXNativeTarget;
			buildConfigurationList = EA63013D2142578A00AAC6CE /* Build configuration list for PBXNativeTarget "CatChat" */;
			buildPhases = (
				772985989220847DDCFCC677 /* [CP] Check Pods Manifest.lock */,
				EA6301272142578800AAC6CE /* Sources */,
				EA6301282142578800AAC6CE /* Frameworks */,
				EA6301292142578800AAC6CE /* Resources */,
				B41C34BA19F6ED3FC32E0C17 /* [CP] Embed Pods Frameworks */,
			);
			buildRules = (
			);
			dependencies = (
			);
			name = CatChat;
			productName = CatChat;
			productReference = EA63012B2142578800AAC6CE /* CatChat.app */;
			productType = "com.apple.product-type.application";
		};
/* End PBXNativeTarget section */

/* Begin PBXProject section */
		EA6301232142578800AAC6CE /* Project object */ = {
			isa = PBXProject;
			attributes = {
				LastSwiftUpdateCheck = 1000;
				LastUpgradeCheck = 1000;
				ORGANIZATIONNAME = "Vu Duong";
				TargetAttributes = {
					EA63012A2142578800AAC6CE = {
						CreatedOnToolsVersion = 10.0;
					};
				};
			};
			buildConfigurationList = EA6301262142578800AAC6CE /* Build configuration list for PBXProject "CatChat" */;
			compatibilityVersion = "Xcode 9.3";
			developmentRegion = en;
			hasScannedForEncodings = 0;
			knownRegions = (
				en,
				Base,
			);
			mainGroup = EA6301222142578800AAC6CE;
			productRefGroup = EA63012C2142578800AAC6CE /* Products */;
			projectDirPath = "";
			projectRoot = "";
			targets = (
				EA63012A2142578800AAC6CE /* CatChat */,
			);
		};
/* End PBXProject section */

/* Begin PBXResourcesBuildPhase section */
		EA6301292142578800AAC6CE /* Resources */ = {
			isa = PBXResourcesBuildPhase;
			buildActionMask = 2147483647;
			files = (
				EA6301392142578A00AAC6CE /* LaunchScreen.storyboard in Resources */,
				EA6301412142581F00AAC6CE /* GoogleService-Info.plist in Resources */,
				EA6301362142578A00AAC6CE /* Assets.xcassets in Resources */,
				EA6301342142578800AAC6CE /* Main.storyboard in Resources */,
			);
			runOnlyForDeploymentPostprocessing = 0;
		};
/* End PBXResourcesBuildPhase section */

/* Begin PBXShellScriptBuildPhase section */
		772985989220847DDCFCC677 /* [CP] Check Pods Manifest.lock */ = {
			isa = PBXShellScriptBuildPhase;
			buildActionMask = 2147483647;
			files = (
			);
			inputPaths = (
				"${PODS_PODFILE_DIR_PATH}/Podfile.lock",
				"${PODS_ROOT}/Manifest.lock",
			);
			name = "[CP] Check Pods Manifest.lock";
			outputPaths = (
				"$(DERIVED_FILE_DIR)/Pods-CatChat-checkManifestLockResult.txt",
			);
			runOnlyForDeploymentPostprocessing = 0;
			shellPath = /bin/sh;
			shellScript = "diff \"${PODS_PODFILE_DIR_PATH}/Podfile.lock\" \"${PODS_ROOT}/Manifest.lock\" > /dev/null\nif [ $? != 0 ] ; then\n    # print error to STDERR\n    echo \"error: The sandbox is not in sync with the Podfile.lock. Run 'pod install' or update your CocoaPods installation.\" >&2\n    exit 1\nfi\n# This output is used by Xcode 'outputs' to avoid re-running this script phase.\necho \"SUCCESS\" > \"${SCRIPT_OUTPUT_FILE_0}\"\n";
			showEnvVarsInLog = 0;
		};
		B41C34BA19F6ED3FC32E0C17 /* [CP] Embed Pods Frameworks */ = {
			isa = PBXShellScriptBuildPhase;
			buildActionMask = 2147483647;
			files = (
			);
			inputPaths = (
				"${SRCROOT}/Pods/Target Support Files/Pods-CatChat/Pods-CatChat-frameworks.sh",
				"${BUILT_PRODUCTS_DIR}/GTMSessionFetcher/GTMSessionFetcher.framework",
				"${BUILT_PRODUCTS_DIR}/GoogleUtilities/GoogleUtilities.framework",
				"${BUILT_PRODUCTS_DIR}/nanopb/nanopb.framework",
			);
			name = "[CP] Embed Pods Frameworks";
			outputPaths = (
				"${TARGET_BUILD_DIR}/${FRAMEWORKS_FOLDER_PATH}/GTMSessionFetcher.framework",
				"${TARGET_BUILD_DIR}/${FRAMEWORKS_FOLDER_PATH}/GoogleUtilities.framework",
				"${TARGET_BUILD_DIR}/${FRAMEWORKS_FOLDER_PATH}/nanopb.framework",
			);
			runOnlyForDeploymentPostprocessing = 0;
			shellPath = /bin/sh;
			shellScript = "\"${SRCROOT}/Pods/Target Support Files/Pods-CatChat/Pods-CatChat-frameworks.sh\"\n";
			showEnvVarsInLog = 0;
		};
/* End PBXShellScriptBuildPhase section */

/* Begin PBXSourcesBuildPhase section */
		EA6301272142578800AAC6CE /* Sources */ = {
			isa = PBXSourcesBuildPhase;
			buildActionMask = 2147483647;
			files = (
				EA6301312142578800AAC6CE /* LoginViewController.swift in Sources */,
				EA62E6922142D90A00CA98E4 /* SelectPictureViewController.swift in Sources */,
				EA63012F2142578800AAC6CE /* AppDelegate.swift in Sources */,
				EA62E6902142D41A00CA98E4 /* SnapsViewController.swift in Sources */,
			);
			runOnlyForDeploymentPostprocessing = 0;
		};
/* End PBXSourcesBuildPhase section */

/* Begin PBXVariantGroup section */
		EA6301322142578800AAC6CE /* Main.storyboard */ = {
			isa = PBXVariantGroup;
			children = (
				EA6301332142578800AAC6CE /* Base */,
			);
			name = Main.storyboard;
			sourceTree = "<group>";
		};
		EA6301372142578A00AAC6CE /* LaunchScreen.storyboard */ = {
			isa = PBXVariantGroup;
			children = (
				EA6301382142578A00AAC6CE /* Base */,
			);
			name = LaunchScreen.storyboard;
			sourceTree = "<group>";
		};
/* End PBXVariantGroup section */

/* Begin XCBuildConfiguration section */
		EA63013B2142578A00AAC6CE /* Debug */ = {
			isa = XCBuildConfiguration;
			buildSettings = {
				ALWAYS_SEARCH_USER_PATHS = NO;
				CLANG_ANALYZER_NONNULL = YES;
				CLANG_ANALYZER_NUMBER_OBJECT_CONVERSION = YES_AGGRESSIVE;
				CLANG_CXX_LANGUAGE_STANDARD = "gnu++14";
				CLANG_CXX_LIBRARY = "libc++";
				CLANG_ENABLE_MODULES = YES;
				CLANG_ENABLE_OBJC_ARC = YES;
				CLANG_ENABLE_OBJC_WEAK = YES;
				CLANG_WARN_BLOCK_CAPTURE_AUTORELEASING = YES;
				CLANG_WARN_BOOL_CONVERSION = YES;
				CLANG_WARN_COMMA = YES;
				CLANG_WARN_CONSTANT_CONVERSION = YES;
				CLANG_WARN_DEPRECATED_OBJC_IMPLEMENTATIONS = YES;
				CLANG_WARN_DIRECT_OBJC_ISA_USAGE = YES_ERROR;
				CLANG_WARN_DOCUMENTATION_COMMENTS = YES;
				CLANG_WARN_EMPTY_BODY = YES;
				CLANG_WARN_ENUM_CONVERSION = YES;
				CLANG_WARN_INFINITE_RECURSION = YES;
				CLANG_WARN_INT_CONVERSION = YES;
				CLANG_WARN_NON_LITERAL_NULL_CONVERSION = YES;
				CLANG_WARN_OBJC_IMPLICIT_RETAIN_SELF = YES;
				CLANG_WARN_OBJC_LITERAL_CONVERSION = YES;
				CLANG_WARN_OBJC_ROOT_CLASS = YES_ERROR;
				CLANG_WARN_RANGE_LOOP_ANALYSIS = YES;
				CLANG_WARN_STRICT_PROTOTYPES = YES;
				CLANG_WARN_SUSPICIOUS_MOVE = YES;
				CLANG_WARN_UNGUARDED_AVAILABILITY = YES_AGGRESSIVE;
				CLANG_WARN_UNREACHABLE_CODE = YES;
				CLANG_WARN__DUPLICATE_METHOD_MATCH = YES;
				CODE_SIGN_IDENTITY = "iPhone Developer";
				COPY_PHASE_STRIP = NO;
				DEBUG_INFORMATION_FORMAT = dwarf;
				ENABLE_STRICT_OBJC_MSGSEND = YES;
				ENABLE_TESTABILITY = YES;
				GCC_C_LANGUAGE_STANDARD = gnu11;
				GCC_DYNAMIC_NO_PIC = NO;
				GCC_NO_COMMON_BLOCKS = YES;
				GCC_OPTIMIZATION_LEVEL = 0;
				GCC_PREPROCESSOR_DEFINITIONS = (
					"DEBUG=1",
					"$(inherited)",
				);
				GCC_WARN_64_TO_32_BIT_CONVERSION = YES;
				GCC_WARN_ABOUT_RETURN_TYPE = YES_ERROR;
				GCC_WARN_UNDECLARED_SELECTOR = YES;
				GCC_WARN_UNINITIALIZED_AUTOS = YES_AGGRESSIVE;
				GCC_WARN_UNUSED_FUNCTION = YES;
				GCC_WARN_UNUSED_VARIABLE = YES;
				IPHONEOS_DEPLOYMENT_TARGET = 12.0;
				MTL_ENABLE_DEBUG_INFO = INCLUDE_SOURCE;
				MTL_FAST_MATH = YES;
				ONLY_ACTIVE_ARCH = YES;
				SDKROOT = iphoneos;
				SWIFT_ACTIVE_COMPILATION_CONDITIONS = DEBUG;
				SWIFT_OPTIMIZATION_LEVEL = "-Onone";
			};
			name = Debug;
		};
		EA63013C2142578A00AAC6CE /* Release */ = {
			isa = XCBuildConfiguration;
			buildSettings = {
				ALWAYS_SEARCH_USER_PATHS = NO;
				CLANG_ANALYZER_NONNULL = YES;
				CLANG_ANALYZER_NUMBER_OBJECT_CONVERSION = YES_AGGRESSIVE;
				CLANG_CXX_LANGUAGE_STANDARD = "gnu++14";
				CLANG_CXX_LIBRARY = "libc++";
				CLANG_ENABLE_MODULES = YES;
				CLANG_ENABLE_OBJC_ARC = YES;
				CLANG_ENABLE_OBJC_WEAK = YES;
				CLANG_WARN_BLOCK_CAPTURE_AUTORELEASING = YES;
				CLANG_WARN_BOOL_CONVERSION = YES;
				CLANG_WARN_COMMA = YES;
				CLANG_WARN_CONSTANT_CONVERSION = YES;
				CLANG_WARN_DEPRECATED_OBJC_IMPLEMENTATIONS = YES;
				CLANG_WARN_DIRECT_OBJC_ISA_USAGE = YES_ERROR;
				CLANG_WARN_DOCUMENTATION_COMMENTS = YES;
				CLANG_WARN_EMPTY_BODY = YES;
				CLANG_WARN_ENUM_CONVERSION = YES;
				CLANG_WARN_INFINITE_RECURSION = YES;
				CLANG_WARN_INT_CONVERSION = YES;
				CLANG_WARN_NON_LITERAL_NULL_CONVERSION = YES;
				CLANG_WARN_OBJC_IMPLICIT_RETAIN_SELF = YES;
				CLANG_WARN_OBJC_LITERAL_CONVERSION = YES;
				CLANG_WARN_OBJC_ROOT_CLASS = YES_ERROR;
				CLANG_WARN_RANGE_LOOP_ANALYSIS = YES;
				CLANG_WARN_STRICT_PROTOTYPES = YES;
				CLANG_WARN_SUSPICIOUS_MOVE = YES;
				CLANG_WARN_UNGUARDED_AVAILABILITY = YES_AGGRESSIVE;
				CLANG_WARN_UNREACHABLE_CODE = YES;
				CLANG_WARN__DUPLICATE_METHOD_MATCH = YES;
				CODE_SIGN_IDENTITY = "iPhone Developer";
				COPY_PHASE_STRIP = NO;
				DEBUG_INFORMATION_FORMAT = "dwarf-with-dsym";
				ENABLE_NS_ASSERTIONS = NO;
				ENABLE_STRICT_OBJC_MSGSEND = YES;
				GCC_C_LANGUAGE_STANDARD = gnu11;
				GCC_NO_COMMON_BLOCKS = YES;
				GCC_WARN_64_TO_32_BIT_CONVERSION = YES;
				GCC_WARN_ABOUT_RETURN_TYPE = YES_ERROR;
				GCC_WARN_UNDECLARED_SELECTOR = YES;
				GCC_WARN_UNINITIALIZED_AUTOS = YES_AGGRESSIVE;
				GCC_WARN_UNUSED_FUNCTION = YES;
				GCC_WARN_UNUSED_VARIABLE = YES;
				IPHONEOS_DEPLOYMENT_TARGET = 12.0;
				MTL_ENABLE_DEBUG_INFO = NO;
				MTL_FAST_MATH = YES;
				SDKROOT = iphoneos;
				SWIFT_COMPILATION_MODE = wholemodule;
				SWIFT_OPTIMIZATION_LEVEL = "-O";
				VALIDATE_PRODUCT = YES;
			};
			name = Release;
		};
		EA63013E2142578A00AAC6CE /* Debug */ = {
			isa = XCBuildConfiguration;
			baseConfigurationReference = 53E9F893DE7B4AF5DB01E469 /* Pods-CatChat.debug.xcconfig */;
			buildSettings = {
				ASSETCATALOG_COMPILER_APPICON_NAME = AppIcon;
				CODE_SIGN_STYLE = Automatic;
				DEVELOPMENT_TEAM = SL2PQN527J;
				INFOPLIST_FILE = CatChat/Info.plist;
				IPHONEOS_DEPLOYMENT_TARGET = 11.4;
				LD_RUNPATH_SEARCH_PATHS = (
					"$(inherited)",
					"@executable_path/Frameworks",
				);
				PRODUCT_BUNDLE_IDENTIFIER = com.vuduong.CatChat;
				PRODUCT_NAME = "$(TARGET_NAME)";
				SWIFT_VERSION = 4.0;
				TARGETED_DEVICE_FAMILY = "1,2";
			};
			name = Debug;
		};
		EA63013F2142578A00AAC6CE /* Release */ = {
			isa = XCBuildConfiguration;
			baseConfigurationReference = 290B609FFD46F2D32DDE1745 /* Pods-CatChat.release.xcconfig */;
			buildSettings = {
				ASSETCATALOG_COMPILER_APPICON_NAME = AppIcon;
				CODE_SIGN_STYLE = Automatic;
				DEVELOPMENT_TEAM = SL2PQN527J;
				INFOPLIST_FILE = CatChat/Info.plist;
				IPHONEOS_DEPLOYMENT_TARGET = 11.4;
				LD_RUNPATH_SEARCH_PATHS = (
					"$(inherited)",
					"@executable_path/Frameworks",
				);
				PRODUCT_BUNDLE_IDENTIFIER = com.vuduong.CatChat;
				PRODUCT_NAME = "$(TARGET_NAME)";
				SWIFT_VERSION = 4.0;
				TARGETED_DEVICE_FAMILY = "1,2";
			};
			name = Release;
		};
/* End XCBuildConfiguration section */

/* Begin XCConfigurationList section */
		EA6301262142578800AAC6CE /* Build configuration list for PBXProject "CatChat" */ = {
			isa = XCConfigurationList;
			buildConfigurations = (
				EA63013B2142578A00AAC6CE /* Debug */,
				EA63013C2142578A00AAC6CE /* Release */,
			);
			defaultConfigurationIsVisible = 0;
			defaultConfigurationName = Release;
		};
		EA63013D2142578A00AAC6CE /* Build configuration list for PBXNativeTarget "CatChat" */ = {
			isa = XCConfigurationList;
			buildConfigurations = (
				EA63013E2142578A00AAC6CE /* Debug */,
				EA63013F2142578A00AAC6CE /* Release */,
			);
			defaultConfigurationIsVisible = 0;
			defaultConfigurationName = Release;
		};
/* End XCConfigurationList section */
	};
	rootObject = EA6301232142578800AAC6CE /* Project object */;
}
